# This file is autogenerated, do not edit; changes may be undone by the next 'dep ensure'.


[[projects]]
  branch = "master"
  name = "github.com/GeertJohan/go-sourcepath"
  packages = ["."]
  revision = "83e8b8723a9bf39481216e80575f4854c63ece4a"

[[projects]]
  name = "github.com/Shopify/sarama"
  packages = ["."]
  revision = "35324cf48e33d8260e1c7c18854465a904ade249"
  version = "v1.17.0"

[[projects]]
  name = "github.com/StackExchange/wmi"
  packages = ["."]
  revision = "5d049714c4a64225c3c79a7cf7d02f7fb5b96338"
  version = "1.0.0"

[[projects]]
  name = "github.com/Unknwon/com"
  packages = ["."]
  revision = "28b053d5a2923b87ce8c5a08f3af779894a72758"
  version = "v1"

[[projects]]
  name = "github.com/apache/thrift"
  packages = ["lib/go/thrift"]
  revision = "327ebb6c2b6df8bf075da02ef45a2a034e9b79ba"
  version = "0.11.0"

[[projects]]
  branch = "master"
  name = "github.com/armon/consul-api"
  packages = ["."]
  revision = "eb2c6b5be1b66bab83016e0b05f01b8d5496ffbd"

[[projects]]
  name = "github.com/armon/go-metrics"
  packages = ["."]
  revision = "3df31a1ada83e310c2e24b267c8e8b68836547b4"

[[projects]]
  name = "github.com/boltdb/bolt"
  packages = ["."]
  revision = "2f1ce7a837dcb8da3ec595b1dac9d0632f0f99e8"
  version = "v1.3.1"

[[projects]]
  name = "github.com/coreos/etcd"
  packages = [
    "client",
    "pkg/pathutil",
    "pkg/srv",
    "pkg/types",
    "version"
  ]
  revision = "33245c6b5b49130ca99280408fadfab01aac0e48"
  version = "v3.3.8"

[[projects]]
  name = "github.com/coreos/go-semver"
  packages = ["semver"]
  revision = "8ab6407b697782a06568d4b7f1db25550ec2e4c6"
  version = "v0.2.0"

[[projects]]
  name = "github.com/davecgh/go-spew"
  packages = ["spew"]
  revision = "346938d642f2ec3594ed81d874461961cd0faa76"
  version = "v1.1.0"

[[projects]]
  name = "github.com/eapache/go-resiliency"
  packages = ["breaker"]
  revision = "ea41b0fad31007accc7f806884dcdf3da98b79ce"
  version = "v1.1.0"

[[projects]]
  branch = "master"
  name = "github.com/eapache/go-xerial-snappy"
  packages = ["."]
  revision = "040cc1a32f578808623071247fdbd5cc43f37f5f"

[[projects]]
  name = "github.com/eapache/queue"
  packages = ["."]
  revision = "44cc805cf13205b55f69e14bcb69867d1ae92f98"
  version = "v1.1.0"

[[projects]]
  branch = "master"
  name = "github.com/facebookgo/stack"
  packages = ["."]
  revision = "751773369052141c013c6e827a71e8f35c07879c"

[[projects]]
  name = "github.com/fatih/color"
  packages = ["."]
  revision = "5b77d2a35fb0ede96d138fc9a99f5c9b6aef11b4"
  version = "v1.7.0"

[[projects]]
  name = "github.com/fatih/structs"
  packages = ["."]
  revision = "a720dfa8df582c51dee1b36feabb906bde1588bd"
  version = "v1.0"

[[projects]]
  name = "github.com/fsnotify/fsnotify"
  packages = ["."]
  revision = "c2828203cd70a50dcccfb2761f8b1f8ceef9a8e9"
  version = "v1.4.7"

[[projects]]
  name = "github.com/go-logfmt/logfmt"
  packages = ["."]
  revision = "390ab7935ee28ec6b286364bba9b4dd6410cb3d5"
  version = "v0.3.0"

[[projects]]
  name = "github.com/go-ole/go-ole"
  packages = [
    ".",
    "oleutil"
  ]
  revision = "a41e3c4b706f6ae8dfbff342b06e40fa4d2d0506"
  version = "v1.2.1"

[[projects]]
  name = "github.com/gogo/protobuf"
  packages = [
    "jsonpb",
    "proto",
    "sortkeys",
    "types"
  ]
  revision = "1adfc126b41513cc696b209667c8656ea7aac67c"
  version = "v1.0.0"

[[projects]]
  name = "github.com/golang/protobuf"
  packages = [
    "proto",
    "ptypes",
    "ptypes/any",
    "ptypes/duration",
    "ptypes/timestamp"
  ]
  revision = "b4deda0973fb4c70b50d226b1af49f3da59f5265"
  version = "v1.1.0"

[[projects]]
  branch = "master"
  name = "github.com/golang/snappy"
  packages = ["."]
  revision = "2e65f85255dbc3072edf28d6b5b8efc472979f5a"

[[projects]]
  name = "github.com/hashicorp/consul"
  packages = ["api"]
  revision = "28141971f966e99916da2c5e461dd968746491cd"
  version = "v1.2.0"

[[projects]]
  branch = "master"
  name = "github.com/hashicorp/go-cleanhttp"
  packages = ["."]
  revision = "d5fe4b57a186c716b0e00b8c301cbd9b4182694d"

[[projects]]
  branch = "master"
  name = "github.com/hashicorp/go-rootcerts"
  packages = ["."]
  revision = "6bb64b370b90e7ef1fa532be9e591a81c3493e00"

[[projects]]
  branch = "master"
  name = "github.com/hashicorp/hcl"
  packages = [
    ".",
    "hcl/ast",
    "hcl/parser",
    "hcl/printer",
    "hcl/scanner",
    "hcl/strconv",
    "hcl/token",
    "json/parser",
    "json/scanner",
    "json/token"
  ]
  revision = "ef8a98b0bbce4a65b5aa4c368430a80ddc533168"

[[projects]]
  name = "github.com/hashicorp/serf"
  packages = ["coordinate"]
  revision = "4b67f2c2b2bb5b748d934a6d48221062e43d2274"

[[projects]]
  name = "github.com/json-iterator/go"
  packages = ["."]
  revision = "ab8a2e0c74be9d3be70b3184d9acc634935ded82"
  version = "1.1.4"

[[projects]]
  name = "github.com/k0kubun/pp"
  packages = ["."]
  revision = "027a6d1765d673d337e687394dbe780dd64e2a1e"
  version = "v2.3.0"

[[projects]]
  branch = "master"
  name = "github.com/kr/logfmt"
  packages = ["."]
  revision = "b84e30acd515aadc4b783ad4ff83aff3299bdfe0"

[[projects]]
  name = "github.com/magiconair/properties"
  packages = ["."]
  revision = "c2353362d570a7bfa228149c62842019201cfb71"
  version = "v1.8.0"

[[projects]]
  name = "github.com/mattn/go-colorable"
  packages = ["."]
  revision = "167de6bfdfba052fa6b2d3664c8f5272e23c9072"
  version = "v0.0.9"

[[projects]]
  name = "github.com/mattn/go-isatty"
  packages = ["."]
  revision = "0360b2af4f38e8d38c7fce2a9f4e702702d73a39"
  version = "v0.0.3"

[[projects]]
  branch = "master"
  name = "github.com/mitchellh/go-homedir"
  packages = ["."]
  revision = "3864e76763d94a6df2f9960b16a20a33da9f9a66"

[[projects]]
  branch = "master"
  name = "github.com/mitchellh/mapstructure"
  packages = ["."]
  revision = "bb74f1db0675b241733089d5a1faa5dd8b0ef57b"

[[projects]]
  name = "github.com/modern-go/concurrent"
  packages = ["."]
  revision = "bacd9c7ef1dd9b15be4a9909b8ac7a4e313eec94"
  version = "1.0.3"

[[projects]]
  name = "github.com/modern-go/reflect2"
  packages = ["."]
  revision = "4b7aa43c6742a2c18fdef89dd197aaae7dac7ccd"
  version = "1.0.1"

[[projects]]
  branch = "master"
  name = "github.com/nicolai86/instruments"
  packages = ["."]
  revision = "a667d8f6e278892ccc3bc78f7fc6a6364fd68124"

[[projects]]
  branch = "master"
  name = "github.com/opentracing-contrib/go-observer"
  packages = ["."]
  revision = "a52f2342449246d5bcc273e65cbdcfa5f7d6c63c"

[[projects]]
  branch = "master"
  name = "github.com/opentracing-contrib/perfevents"
  packages = ["go"]
  revision = "a7a7e747782c021caa5c44ef98157f761bf56970"

[[projects]]
  name = "github.com/opentracing/opentracing-go"
  packages = [
    ".",
    "ext",
    "log"
  ]
  revision = "1949ddbfd147afd4d964a9f00b24eb291e0e7c38"
  version = "v1.0.2"

[[projects]]
  name = "github.com/openzipkin/zipkin-go-opentracing"
  packages = [
    ".",
    "flag",
    "thrift/gen-go/scribe",
    "thrift/gen-go/zipkincore",
    "types",
    "wire"
  ]
  revision = "26cf9707480e6b90e5eff22cf0bbf05319154232"
  version = "v0.3.4"

[[projects]]
  name = "github.com/pelletier/go-toml"
  packages = ["."]
  revision = "c01d1270ff3e442a8a57cddc1c92dc1138598194"
  version = "v1.2.0"

[[projects]]
  name = "github.com/pierrec/lz4"
  packages = [
    ".",
    "internal/xxh32"
  ]
  revision = "1958fd8fff7f115e79725b1288e0b878b3e06b00"
  version = "v2.0.3"

[[projects]]
  name = "github.com/pkg/errors"
  packages = ["."]
  revision = "645ef00459ed84a119197bfb8d8205042c6df63d"
  version = "v0.8.0"

[[projects]]
  name = "github.com/pmezard/go-difflib"
  packages = ["difflib"]
  revision = "792786c7400a136282c1664665ae0a8db921c6c2"
  version = "v1.0.0"

[[projects]]
  branch = "master"
  name = "github.com/rai-project/config"
  packages = ["."]
  revision = "b8a1f9848ca2a4288fa28f2f456ea4683069566a"

[[projects]]
  branch = "master"
  name = "github.com/rai-project/godotenv"
  packages = ["."]
  revision = "a501614c3b8d510e2ae9a92ffa9477d880a48157"

[[projects]]
  branch = "master"
  name = "github.com/rai-project/libkv"
  packages = [
    ".",
    "store",
    "store/boltdb",
    "store/consul",
    "store/etcd",
    "store/mock",
    "store/zookeeper"
  ]
  revision = "51fb6669bf2902dba1375f1e74b530d63006a971"

[[projects]]
  branch = "master"
  name = "github.com/rai-project/logger"
  packages = ["."]
  revision = "127c980833b2e3f43e5cb8cfb669d9a8060a89ce"

[[projects]]
  branch = "master"
  name = "github.com/rai-project/nvml-go"
  packages = ["."]
  revision = "3cc8383e475105238681c911dce9c1ad198139eb"

[[projects]]
  branch = "master"
  name = "github.com/rai-project/registry"
  packages = ["."]
  revision = "4081127a24e72c21141f1d232e5bb73902f06100"

[[projects]]
  branch = "master"
  name = "github.com/rai-project/serializer"
  packages = [
    ".",
    "bson",
    "json",
    "jsonpb"
  ]
  revision = "55ef49250fca75b7a22ef5aa394e22b89943a70c"

[[projects]]
  branch = "master"
  name = "github.com/rai-project/tracer"
  packages = [
    ".",
    "defaults",
    "observer",
    "utils",
    "zipkin"
  ]
  revision = "998ccdd66169eed23cf862d380840772767091ab"

[[projects]]
  branch = "master"
  name = "github.com/rai-project/utils"
  packages = ["."]
  revision = "7cc954f4f45db4d1af4ad4ff449accedc68f5774"

[[projects]]
  branch = "master"
  name = "github.com/rai-project/uuid"
  packages = ["."]
  revision = "4745e418073472528c60eb77ec47724a04b23fd8"

[[projects]]
  branch = "master"
  name = "github.com/rai-project/vipertags"
  packages = ["."]
  revision = "92806c8ec658b5bc4ef66f6e51f835937a9e616e"

[[projects]]
  branch = "master"
  name = "github.com/rcrowley/go-metrics"
  packages = ["."]
  revision = "e2704e165165ec55d062f5919b4b29494e9fa790"

[[projects]]
  branch = "master"
  name = "github.com/samuel/go-zookeeper"
  packages = ["zk"]
  revision = "c4fab1ac1bec58281ad0667dc3f0907a9476ac47"

[[projects]]
  name = "github.com/shirou/gopsutil"
  packages = [
    "internal/common",
    "mem"
  ]
  revision = "4a180b209f5f494e5923cfce81ea30ba23915877"
  version = "v2.18.06"

[[projects]]
  name = "github.com/sirupsen/logrus"
  packages = ["."]
  revision = "c155da19408a8799da419ed3eeb0cb5db0ad5dbc"
  version = "v1.0.5"

[[projects]]
  name = "github.com/spf13/afero"
  packages = [
    ".",
    "mem"
  ]
  revision = "787d034dfe70e44075ccc060d346146ef53270ad"
  version = "v1.1.1"

[[projects]]
  name = "github.com/spf13/cast"
  packages = ["."]
  revision = "8965335b8c7107321228e3e3702cab9832751bac"
  version = "v1.2.0"

[[projects]]
  branch = "master"
  name = "github.com/spf13/jwalterweatherman"
  packages = ["."]
  revision = "7c0cea34c8ece3fbeb2b27ab9b59511d360fb394"

[[projects]]
  name = "github.com/spf13/pflag"
  packages = ["."]
  revision = "583c0c0531f06d5278b7d917446061adc344b5cd"
  version = "v1.0.1"

[[projects]]
  branch = "master"
  name = "github.com/spf13/viper"
  packages = [
    ".",
    "remote"
  ]
  revision = "15738813a09db5c8e5b60a19d67d3f9bd38da3a4"

[[projects]]
  name = "github.com/stretchr/objx"
  packages = ["."]
  revision = "477a77ecc69700c7cdeb1fa9e129548e1c1c393c"
  version = "v0.1.1"

[[projects]]
  name = "github.com/stretchr/testify"
  packages = [
    "assert",
    "mock"
  ]
  revision = "f35b8ab0b5a2cef36673838d662e249dd9c94686"
  version = "v1.2.2"

[[projects]]
  name = "github.com/ugorji/go"
  packages = ["codec"]
  revision = "bdcc60b419d136a85cdf2e7cbcac34b3f1cd6e57"

[[projects]]
  branch = "master"
  name = "github.com/xordataexchange/crypt"
  packages = [
    "backend",
    "backend/consul",
    "backend/etcd",
    "config",
    "encoding/secconf"
  ]
  revision = "b2862e3d0a775f18c7cfe02273500ae307b61218"

[[projects]]
  branch = "master"
  name = "golang.org/x/crypto"
  packages = [
    "cast5",
    "openpgp",
    "openpgp/armor",
    "openpgp/elgamal",
    "openpgp/errors",
    "openpgp/packet",
    "openpgp/s2k",
    "ssh/terminal"
  ]
  revision = "a49355c7e3f8fe157a85be2f77e6e269a0f89602"

[[projects]]
  branch = "master"
  name = "golang.org/x/net"
  packages = [
    "context",
    "http/httpguts",
    "http2",
    "http2/hpack",
    "idna",
    "internal/timeseries",
    "trace"
  ]
  revision = "32a936f46389aa10549d60bd7833e54b01685d09"

[[projects]]
  branch = "master"
  name = "golang.org/x/sync"
  packages = ["syncmap"]
  revision = "1d60e4601c6fd243af51cc01ddf169918a5407ca"

[[projects]]
  branch = "master"
  name = "golang.org/x/sys"
  packages = [
    "unix",
    "windows"
  ]
  revision = "3c6ecd8f22c6f40fbeec94c000a069d7d87c7624"

[[projects]]
  name = "golang.org/x/text"
  packages = [
    "collate",
    "collate/build",
    "internal/colltab",
    "internal/gen",
    "internal/tag",
    "internal/triegen",
    "internal/ucd",
    "language",
    "secure/bidirule",
    "transform",
    "unicode/bidi",
    "unicode/cldr",
    "unicode/norm",
    "unicode/rangetable"
  ]
  revision = "f21a4dfb5e38f5895301dc265a8def02365cc3d0"
  version = "v0.3.0"

[[projects]]
  branch = "master"
  name = "google.golang.org/genproto"
  packages = ["googleapis/rpc/status"]
  revision = "8b2cc369ab52e0003a878865c9372afdd6ca5c5a"

[[projects]]
  name = "google.golang.org/grpc"
  packages = [
    ".",
    "balancer",
    "balancer/base",
    "balancer/roundrobin",
    "codes",
    "connectivity",
    "credentials",
    "encoding",
    "encoding/proto",
    "grpclog",
    "internal",
    "internal/backoff",
    "internal/channelz",
    "internal/grpcrand",
    "keepalive",
    "metadata",
    "naming",
    "peer",
    "resolver",
    "resolver/dns",
    "resolver/passthrough",
    "stats",
    "status",
    "tap",
    "transport"
  ]
  revision = "168a6198bcb0ef175f7dacec0b8691fc141dc9b8"
  version = "v1.13.0"

[[projects]]
  branch = "v2"
  name = "gopkg.in/mgo.v2"
  packages = [
    "bson",
    "internal/json"
  ]
  revision = "9856a29383ce1c59f308dd1cf0363a79b5bef6b5"

[[projects]]
  name = "gopkg.in/yaml.v2"
  packages = ["."]
  revision = "5420a8b6744d3b0345ab293f6fcba19c978f1183"
  version = "v2.2.1"

[solve-meta]
  analyzer-name = "dep"
  analyzer-version = 1
  inputs-digest = "a48f16a04f28223f01947e185a9e584cc12527d3cc372d20b705833a97999908"
  solver-name = "gps-cdcl"
  solver-version = 1
